
Microsoft Visual Studio Solution File, Format Version 12.00
# Visual Studio Version 16
VisualStudioVersion = 16.0.30104.148
MinimumVisualStudioVersion = 10.0.40219.1
Project("{FAE04EC0-301F-11D3-BF4B-00C04F79EFBC}") = "Films", "Films\Films.csproj", "{DFB57E6A-6AEB-4614-9084-6E1FEF743C17}"
EndProject
Global
	GlobalSection(SolutionConfigurationPlatforms) = preSolution
		Debug|Any CPU = Debug|Any CPU
		Release|Any CPU = Release|Any CPU
	EndGlobalSection
	GlobalSection(ProjectConfigurationPlatforms) = postSolution
		{DFB57E6A-6AEB-4614-9084-6E1FEF743C17}.Debug|Any CPU.ActiveCfg = Debug|Any CPU
		{DFB57E6A-6AEB-4614-9084-6E1FEF743C17}.Debug|Any CPU.Build.0 = Debug|Any CPU
		{DFB57E6A-6AEB-4614-9084-6E1FEF743C17}.Release|Any CPU.ActiveCfg = Release|Any CPU
		{DFB57E6A-6AEB-4614-9084-6E1FEF743C17}.Release|Any CPU.Build.0 = Release|Any CPU
	EndGlobalSection
	GlobalSection(SolutionProperties) = preSolution
		HideSolutionNode = FALSE
	EndGlobalSection
	GlobalSection(ExtensibilityGlobals) = postSolution
		SolutionGuid = {77162C6E-4987-4108-A267-B29866D18DA7}
	EndGlobalSection
EndGlobal
